
Microsoft Visual Studio Solution File, Format Version 12.00
# Visual Studio Version 16
VisualStudioVersion = 16.0.29001.49
MinimumVisualStudioVersion = 10.0.40219.1
Project("{9A19103F-16F7-4668-BE54-9A1E7A4F7556}") = "shome.fulfillment.web", "src\shome.fulfillment.web\shome.fulfillment.web.csproj", "{4084A3A6-20DD-414E-87F4-E751DF0AB384}"
EndProject
Global
	GlobalSection(SolutionConfigurationPlatforms) = preSolution
		Debug|Any CPU = Debug|Any CPU
		Release|Any CPU = Release|Any CPU
	EndGlobalSection
	GlobalSection(ProjectConfigurationPlatforms) = postSolution
		{4084A3A6-20DD-414E-87F4-E751DF0AB384}.Debug|Any CPU.ActiveCfg = Debug|Any CPU
		{4084A3A6-20DD-414E-87F4-E751DF0AB384}.Debug|Any CPU.Build.0 = Debug|Any CPU
		{4084A3A6-20DD-414E-87F4-E751DF0AB384}.Release|Any CPU.ActiveCfg = Release|Any CPU
		{4084A3A6-20DD-414E-87F4-E751DF0AB384}.Release|Any CPU.Build.0 = Release|Any CPU
	EndGlobalSection
	GlobalSection(SolutionProperties) = preSolution
		HideSolutionNode = FALSE
	EndGlobalSection
	GlobalSection(ExtensibilityGlobals) = postSolution
		SolutionGuid = {E41192C1-2EB8-4A7F-B286-1747EBED9222}
	EndGlobalSection
EndGlobal
